// !$*UTF8*$!
{
	archiveVersion = 1;
	classes = {
	};
	objectVersion = 77;
	objects = {

/* Begin PBXContainerItemProxy section */
		445BFF6F2F424FF100F9EB1A /* PBXContainerItemProxy */ = {
			isa = PBXContainerItemProxy;
			containerPortal = 445BFF592F424FEF00F9EB1A /* Project object */;
			proxyType = 1;
			remoteGlobalIDString = 445BFF602F424FEF00F9EB1A;
			remoteInfo = Focusly;
		};
		445BFF792F424FF100F9EB1A /* PBXContainerItemProxy */ = {
			isa = PBXContainerItemProxy;
			containerPortal = 445BFF592F424FEF00F9EB1A /* Project object */;
			proxyType = 1;
			remoteGlobalIDString = 445BFF602F424FEF00F9EB1A;
			remoteInfo = Focusly;
		};
/* End PBXContainerItemProxy section */

/* Begin PBXFileReference section */
		445BFF612F424FEF00F9EB1A /* MotivAI.app */ = {isa = PBXFileReference; explicitFileType = wrapper.application; includeInIndex = 0; path = MotivAI.app; sourceTree = BUILT_PRODUCTS_DIR; };
		445BFF6E2F424FF100F9EB1A /* MotivAITests.xctest */ = {isa = PBXFileReference; explicitFileType = wrapper.cfbundle; includeInIndex = 0; path = MotivAITests.xctest; sourceTree = BUILT_PRODUCTS_DIR; };
		445BFF782F424FF100F9EB1A /* MotivAIUITests.xctest */ = {isa = PBXFileReference; explicitFileType = wrapper.cfbundle; includeInIndex = 0; path = MotivAIUITests.xctest; sourceTree = BUILT_PRODUCTS_DIR; };
/* End PBXFileReference section */

/* Begin PBXFileSystemSynchronizedRootGroup section */
		445BFF632F424FEF00F9EB1A /* MotivAI */ = {
			isa = PBXFileSystemSynchronizedRootGroup;
			path = MotivAI;
			sourceTree = "<group>";
		};
		445BFF712F424FF100F9EB1A /* MotivAITests */ = {
			isa = PBXFileSystemSynchronizedRootGroup;
			path = MotivAITests;
			sourceTree = "<group>";
		};
		445BFF7B2F424FF100F9EB1A /* MotivAIUITests */ = {
			isa = PBXFileSystemSynchronizedRootGroup;
			path = MotivAIUITests;
			sourceTree = "<group>";
		};
/* End PBXFileSystemSynchronizedRootGroup section */

/* Begin PBXFrameworksBuildPhase section */
		445BFF5E2F424FEF00F9EB1A /* Frameworks */ = {
			isa = PBXFrameworksBuildPhase;
			buildActionMask = 2147483647;
			files = (
			);
			runOnlyForDeploymentPostprocessing = 0;
		};
		445BFF6B2F424FF100F9EB1A /* Frameworks */ = {
			isa = PBXFrameworksBuildPhase;
			buildActionMask = 2147483647;
			files = (
			);
			runOnlyForDeploymentPostprocessing = 0;
		};
		445BFF752F424FF100F9EB1A /* Frameworks */ = {
			isa = PBXFrameworksBuildPhase;
			buildActionMask = 2147483647;
			files = (
			);
			runOnlyForDeploymentPostprocessing = 0;
		};
/* End PBXFrameworksBuildPhase section */

/* Begin PBXGroup section */
		445BFF582F424FEF00F9EB1A = {
			isa = PBXGroup;
			children = (
				445BFF632F424FEF00F9EB1A /* MotivAI */,
				445BFF712F424FF100F9EB1A /* MotivAITests */,
				445BFF7B2F424FF100F9EB1A /* MotivAIUITests */,
				445BFF622F424FEF00F9EB1A /* Products */,
			);
			sourceTree = "<group>";
		};
		445BFF622F424FEF00F9EB1A /* Products */ = {
			isa = PBXGroup;
			children = (
				445BFF612F424FEF00F9EB1A /* MotivAI.app */,
				445BFF6E2F424FF100F9EB1A /* MotivAITests.xctest */,
				445BFF782F424FF100F9EB1A /* MotivAIUITests.xctest */,
			);
			name = Products;
			sourceTree = "<group>";
		};
/* End PBXGroup section */

/* Begin PBXNativeTarget section */
		445BFF602F424FEF00F9EB1A /* MotivAI */ = {
			isa = PBXNativeTarget;
			buildConfigurationList = 445BFF822F424FF100F9EB1A /* Build configuration list for PBXNativeTarget "MotivAI" */;
			buildPhases = (
				445BFF5D2F424FEF00F9EB1A /* Sources */,
				445BFF5E2F424FEF00F9EB1A /* Frameworks */,
				445BFF5F2F424FEF00F9EB1A /* Resources */,
			);
			buildRules = (
			);
			dependencies = (
			);
			fileSystemSynchronizedGroups = (
				445BFF632F424FEF00F9EB1A /* MotivAI */,
			);
			name = MotivAI;
			packageProductDependencies = (
			);
			productName = Focusly;
			productReference = 445BFF612F424FEF00F9EB1A /* MotivAI.app */;
			productType = "com.apple.product-type.application";
		};
		445BFF6D2F424FF100F9EB1A /* MotivAITests */ = {
			isa = PBXNativeTarget;
			buildConfigurationList = 445BFF852F424FF100F9EB1A /* Build configuration list for PBXNativeTarget "MotivAITests" */;
			buildPhases = (
				445BFF6A2F424FF100F9EB1A /* Sources */,
				445BFF6B2F424FF100F9EB1A /* Frameworks */,
				445BFF6C2F424FF100F9EB1A /* Resources */,
			);
			buildRules = (
			);
			dependencies = (
				445BFF702F424FF100F9EB1A /* PBXTargetDependency */,
			);
			fileSystemSynchronizedGroups = (
				445BFF712F424FF100F9EB1A /* MotivAITests */,
			);
			name = MotivAITests;
			packageProductDependencies = (
			);
			productName = FocuslyTests;
			productReference = 445BFF6E2F424FF100F9EB1A /* MotivAITests.xctest */;
			productType = "com.apple.product-type.bundle.unit-test";
		};
		445BFF772F424FF100F9EB1A /* MotivAIUITests */ = {
			isa = PBXNativeTarget;
			buildConfigurationList = 445BFF882F424FF100F9EB1A /* Build configuration list for PBXNativeTarget "MotivAIUITests" */;
			buildPhases = (
				445BFF742F424FF100F9EB1A /* Sources */,
				445BFF752F424FF100F9EB1A /* Frameworks */,
				445BFF762F424FF100F9EB1A /* Resources */,
			);
			buildRules = (
			);
			dependencies = (
				445BFF7A2F424FF100F9EB1A /* PBXTargetDependency */,
			);
			fileSystemSynchronizedGroups = (
				445BFF7B2F424FF100F9EB1A /* MotivAIUITests */,
			);
			name = MotivAIUITests;
			packageProductDependencies = (
			);
			productName = FocuslyUITests;
			productReference = 445BFF782F424FF100F9EB1A /* MotivAIUITests.xctest */;
			productType = "com.apple.product-type.bundle.ui-testing";
		};
/* End PBXNativeTarget section */

/* Begin PBXProject section */
		445BFF592F424FEF00F9EB1A /* Project object */ = {
			isa = PBXProject;
			attributes = {
				BuildIndependentTargetsInParallel = 1;
				LastSwiftUpdateCheck = 2610;
				LastUpgradeCheck = 2610;
				TargetAttributes = {
					445BFF602F424FEF00F9EB1A = {
						CreatedOnToolsVersion = 26.1;
					};
					445BFF6D2F424FF100F9EB1A = {
						CreatedOnToolsVersion = 26.1;
						TestTargetID = 445BFF602F424FEF00F9EB1A;
					};
					445BFF772F424FF100F9EB1A = {
						CreatedOnToolsVersion = 26.1;
						TestTargetID = 445BFF602F424FEF00F9EB1A;
					};
				};
			};
			buildConfigurationList = 445BFF5C2F424FEF00F9EB1A /* Build configuration list for PBXProject "MotivAI" */;
			developmentRegion = en;
			hasScannedForEncodings = 0;
			knownRegions = (
				en,
				Base,
			);
			mainGroup = 445BFF582F424FEF00F9EB1A;
			minimizedProjectReferenceProxies = 1;
			preferredProjectObjectVersion = 77;
			productRefGroup = 445BFF622F424FEF00F9EB1A /* Products */;
			projectDirPath = "";
			projectRoot = "";
			targets = (
				445BFF602F424FEF00F9EB1A /* MotivAI */,
				445BFF6D2F424FF100F9EB1A /* MotivAITests */,
				445BFF772F424FF100F9EB1A /* MotivAIUITests */,
			);
		};
/* End PBXProject section */

/* Begin PBXResourcesBuildPhase section */
		445BFF5F2F424FEF00F9EB1A /* Resources */ = {
			isa = PBXResourcesBuildPhase;
			buildActionMask = 2147483647;
			files = (
			);
			runOnlyForDeploymentPostprocessing = 0;
		};
		445BFF6C2F424FF100F9EB1A /* Resources */ = {
			isa = PBXResourcesBuildPhase;
			buildActionMask = 2147483647;
			files = (
			);
			runOnlyForDeploymentPostprocessing = 0;
		};
		445BFF762F424FF100F9EB1A /* Resources */ = {
			isa = PBXResourcesBuildPhase;
			buildActionMask = 2147483647;
			files = (
			);
			runOnlyForDeploymentPostprocessing = 0;
		};
/* End PBXResourcesBuildPhase section */

/* Begin PBXSourcesBuildPhase section */
		445BFF5D2F424FEF00F9EB1A /* Sources */ = {
			isa = PBXSourcesBuildPhase;
			buildActionMask = 2147483647;
			files = (
			);
			runOnlyForDeploymentPostprocessing = 0;
		};
		445BFF6A2F424FF100F9EB1A /* Sources */ = {
			isa = PBXSourcesBuildPhase;
			buildActionMask = 2147483647;
			files = (
			);
			runOnlyForDeploymentPostprocessing = 0;
		};
		445BFF742F424FF100F9EB1A /* Sources */ = {
			isa = PBXSourcesBuildPhase;
			buildActionMask = 2147483647;
			files = (
			);
			runOnlyForDeploymentPostprocessing = 0;
		};
/* End PBXSourcesBuildPhase section */

/* Begin PBXTargetDependency section */
		445BFF702F424FF100F9EB1A /* PBXTargetDependency */ = {
			isa = PBXTargetDependency;
			target = 445BFF602F424FEF00F9EB1A /* MotivAI */;
			targetProxy = 445BFF6F2F424FF100F9EB1A /* PBXContainerItemProxy */;
		};
		445BFF7A2F424FF100F9EB1A /* PBXTargetDependency */ = {
			isa = PBXTargetDependency;
			target = 445BFF602F424FEF00F9EB1A /* MotivAI */;
			targetProxy = 445BFF792F424FF100F9EB1A /* PBXContainerItemProxy */;
		};
/* End PBXTargetDependency section */

/* Begin XCBuildConfiguration section */
		445BFF802F424FF100F9EB1A /* Debug */ = {
			isa = XCBuildConfiguration;
			buildSettings = {
				ALWAYS_SEARCH_USER_PATHS = NO;
				ASSETCATALOG_COMPILER_GENERATE_SWIFT_ASSET_SYMBOL_EXTENSIONS = YES;
				CLANG_ANALYZER_NONNULL = YES;
				CLANG_ANALYZER_NUMBER_OBJECT_CONVERSION = YES_AGGRESSIVE;
				CLANG_CXX_LANGUAGE_STANDARD = "gnu++20";
				CLANG_ENABLE_MODULES = YES;
				CLANG_ENABLE_OBJC_ARC = YES;
				CLANG_ENABLE_OBJC_WEAK = YES;
				CLANG_WARN_BLOCK_CAPTURE_AUTORELEASING = YES;
				CLANG_WARN_BOOL_CONVERSION = YES;
				CLANG_WARN_COMMA = YES;
				CLANG_WARN_CONSTANT_CONVERSION = YES;
				CLANG_WARN_DEPRECATED_OBJC_IMPLEMENTATIONS = YES;
				CLANG_WARN_DIRECT_OBJC_ISA_USAGE = YES_ERROR;
				CLANG_WARN_DOCUMENTATION_COMMENTS = YES;
				CLANG_WARN_EMPTY_BODY = YES;
				CLANG_WARN_ENUM_CONVERSION = YES;
				CLANG_WARN_INFINITE_RECURSION = YES;
				CLANG_WARN_INT_CONVERSION = YES;
				CLANG_WARN_NON_LITERAL_NULL_CONVERSION = YES;
				CLANG_WARN_OBJC_IMPLICIT_RETAIN_SELF = YES;
				CLANG_WARN_OBJC_LITERAL_CONVERSION = YES;
				CLANG_WARN_OBJC_ROOT_CLASS = YES_ERROR;
				CLANG_WARN_QUOTED_INCLUDE_IN_FRAMEWORK_HEADER = YES;
				CLANG_WARN_RANGE_LOOP_ANALYSIS = YES;
				CLANG_WARN_STRICT_PROTOTYPES = YES;
				CLANG_WARN_SUSPICIOUS_MOVE = YES;
				CLANG_WARN_UNGUARDED_AVAILABILITY = YES_AGGRESSIVE;
				CLANG_WARN_UNREACHABLE_CODE = YES;
				CLANG_WARN__DUPLICATE_METHOD_MATCH = YES;
				COPY_PHASE_STRIP = NO;
				DEBUG_INFORMATION_FORMAT = dwarf;
				DEVELOPMENT_TEAM = 97U8M6N8HD;
				ENABLE_STRICT_OBJC_MSGSEND = YES;
				ENABLE_TESTABILITY = YES;
				ENABLE_USER_SCRIPT_SANDBOXING = YES;
				GCC_C_LANGUAGE_STANDARD = gnu17;
				GCC_DYNAMIC_NO_PIC = NO;
				GCC_NO_COMMON_BLOCKS = YES;
				GCC_OPTIMIZATION_LEVEL = 0;
				GCC_PREPROCESSOR_DEFINITIONS = (
					"DEBUG=1",
					"$(inherited)",
				);
				GCC_WARN_64_TO_32_BIT_CONVERSION = YES;
				GCC_WARN_ABOUT_RETURN_TYPE = YES_ERROR;
				GCC_WARN_UNDECLARED_SELECTOR = YES;
				GCC_WARN_UNINITIALIZED_AUTOS = YES_AGGRESSIVE;
				GCC_WARN_UNUSED_FUNCTION = YES;
				GCC_WARN_UNUSED_VARIABLE = YES;
				IPHONEOS_DEPLOYMENT_TARGET = 26.1;
				LOCALIZATION_PREFERS_STRING_CATALOGS = YES;
				MTL_ENABLE_DEBUG_INFO = INCLUDE_SOURCE;
				MTL_FAST_MATH = YES;
				ONLY_ACTIVE_ARCH = YES;
				SDKROOT = iphoneos;
				SWIFT_ACTIVE_COMPILATION_CONDITIONS = "DEBUG $(inherited)";
				SWIFT_OPTIMIZATION_LEVEL = "-Onone";
			};
			name = Debug;
		};
		445BFF812F424FF100F9EB1A /* Release */ = {
			isa = XCBuildConfiguration;
			buildSettings = {
				ALWAYS_SEARCH_USER_PATHS = NO;
				ASSETCATALOG_COMPILER_GENERATE_SWIFT_ASSET_SYMBOL_EXTENSIONS = YES;
				CLANG_ANALYZER_NONNULL = YES;
				CLANG_ANALYZER_NUMBER_OBJECT_CONVERSION = YES_AGGRESSIVE;
				CLANG_CXX_LANGUAGE_STANDARD = "gnu++20";
				CLANG_ENABLE_MODULES = YES;
				CLANG_ENABLE_OBJC_ARC = YES;
				CLANG_ENABLE_OBJC_WEAK = YES;
				CLANG_WARN_BLOCK_CAPTURE_AUTORELEASING = YES;
				CLANG_WARN_BOOL_CONVERSION = YES;
				CLANG_WARN_COMMA = YES;
				CLANG_WARN_CONSTANT_CONVERSION = YES;
				CLANG_WARN_DEPRECATED_OBJC_IMPLEMENTATIONS = YES;
				CLANG_WARN_DIRECT_OBJC_ISA_USAGE = YES_ERROR;
				CLANG_WARN_DOCUMENTATION_COMMENTS = YES;
				CLANG_WARN_EMPTY_BODY = YES;
				CLANG_WARN_ENUM_CONVERSION = YES;
				CLANG_WARN_INFINITE_RECURSION = YES;
				CLANG_WARN_INT_CONVERSION = YES;
				CLANG_WARN_NON_LITERAL_NULL_CONVERSION = YES;
				CLANG_WARN_OBJC_IMPLICIT_RETAIN_SELF = YES;
				CLANG_WARN_OBJC_LITERAL_CONVERSION = YES;
				CLANG_WARN_OBJC_ROOT_CLASS = YES_ERROR;
				CLANG_WARN_QUOTED_INCLUDE_IN_FRAMEWORK_HEADER = YES;
				CLANG_WARN_RANGE_LOOP_ANALYSIS = YES;
				CLANG_WARN_STRICT_PROTOTYPES = YES;
				CLANG_WARN_SUSPICIOUS_MOVE = YES;
				CLANG_WARN_UNGUARDED_AVAILABILITY = YES_AGGRESSIVE;
				CLANG_WARN_UNREACHABLE_CODE = YES;
				CLANG_WARN__DUPLICATE_METHOD_MATCH = YES;
				COPY_PHASE_STRIP = NO;
				DEBUG_INFORMATION_FORMAT = "dwarf-with-dsym";
				DEVELOPMENT_TEAM = 97U8M6N8HD;
				ENABLE_NS_ASSERTIONS = NO;
				ENABLE_STRICT_OBJC_MSGSEND = YES;
				ENABLE_USER_SCRIPT_SANDBOXING = YES;
				GCC_C_LANGUAGE_STANDARD = gnu17;
				GCC_NO_COMMON_BLOCKS = YES;
				GCC_WARN_64_TO_32_BIT_CONVERSION = YES;
				GCC_WARN_ABOUT_RETURN_TYPE = YES_ERROR;
				GCC_WARN_UNDECLARED_SELECTOR = YES;
				GCC_WARN_UNINITIALIZED_AUTOS = YES_AGGRESSIVE;
				GCC_WARN_UNUSED_FUNCTION = YES;
				GCC_WARN_UNUSED_VARIABLE = YES;
				IPHONEOS_DEPLOYMENT_TARGET = 26.1;
				LOCALIZATION_PREFERS_STRING_CATALOGS = YES;
				MTL_ENABLE_DEBUG_INFO = NO;
				MTL_FAST_MATH = YES;
				SDKROOT = iphoneos;
				SWIFT_COMPILATION_MODE = wholemodule;
				VALIDATE_PRODUCT = YES;
			};
			name = Release;
		};
		445BFF832F424FF100F9EB1A /* Debug */ = {
			isa = XCBuildConfiguration;
			buildSettings = {
				ASSETCATALOG_COMPILER_APPICON_NAME = AppIcon;
				ASSETCATALOG_COMPILER_GLOBAL_ACCENT_COLOR_NAME = AccentColor;
				CODE_SIGN_STYLE = Automatic;
				CURRENT_PROJECT_VERSION = 1;
				DEVELOPMENT_TEAM = 97U8M6N8HD;
				ENABLE_PREVIEWS = YES;
				GENERATE_INFOPLIST_FILE = YES;
				INFOPLIST_KEY_UIApplicationSceneManifest_Generation = YES;
				INFOPLIST_KEY_UIApplicationSupportsIndirectInputEvents = YES;
				INFOPLIST_KEY_UILaunchScreen_Generation = YES;
				INFOPLIST_KEY_UISupportedInterfaceOrientations_iPad = "UIInterfaceOrientationPortrait UIInterfaceOrientationPortraitUpsideDown UIInterfaceOrientationLandscapeLeft UIInterfaceOrientationLandscapeRight";
				INFOPLIST_KEY_UISupportedInterfaceOrientations_iPhone = "UIInterfaceOrientationPortrait UIInterfaceOrientationLandscapeLeft UIInterfaceOrientationLandscapeRight";
				LD_RUNPATH_SEARCH_PATHS = (
					"$(inherited)",
					"@executable_path/Frameworks",
				);
				MARKETING_VERSION = 1.0;
				PRODUCT_BUNDLE_IDENTIFIER = com.nisa.stepup.Focusly;
				PRODUCT_NAME = "$(TARGET_NAME)";
				STRING_CATALOG_GENERATE_SYMBOLS = YES;
				SWIFT_APPROACHABLE_CONCURRENCY = YES;
				SWIFT_DEFAULT_ACTOR_ISOLATION = MainActor;
				SWIFT_EMIT_LOC_STRINGS = YES;
				SWIFT_UPCOMING_FEATURE_MEMBER_IMPORT_VISIBILITY = YES;
				SWIFT_VERSION = 5.0;
				TARGETED_DEVICE_FAMILY = "1,2";
			};
			name = Debug;
		};
		445BFF842F424FF100F9EB1A /* Release */ = {
			isa = XCBuildConfiguration;
			buildSettings = {
				ASSETCATALOG_COMPILER_APPICON_NAME = AppIcon;
				ASSETCATALOG_COMPILER_GLOBAL_ACCENT_COLOR_NAME = AccentColor;
				CODE_SIGN_STYLE = Automatic;
				CURRENT_PROJECT_VERSION = 1;
				DEVELOPMENT_TEAM = 97U8M6N8HD;
				ENABLE_PREVIEWS = YES;
				GENERATE_INFOPLIST_FILE = YES;
				INFOPLIST_KEY_UIApplicationSceneManifest_Generation = YES;
				INFOPLIST_KEY_UIApplicationSupportsIndirectInputEvents = YES;
				INFOPLIST_KEY_UILaunchScreen_Generation = YES;
				INFOPLIST_KEY_UISupportedInterfaceOrientations_iPad = "UIInterfaceOrientationPortrait UIInterfaceOrientationPortraitUpsideDown UIInterfaceOrientationLandscapeLeft UIInterfaceOrientationLandscapeRight";
				INFOPLIST_KEY_UISupportedInterfaceOrientations_iPhone = "UIInterfaceOrientationPortrait UIInterfaceOrientationLandscapeLeft UIInterfaceOrientationLandscapeRight";
				LD_RUNPATH_SEARCH_PATHS = (
					"$(inherited)",
					"@executable_path/Frameworks",
				);
				MARKETING_VERSION = 1.0;
				PRODUCT_BUNDLE_IDENTIFIER = com.nisa.stepup.Focusly;
				PRODUCT_NAME = "$(TARGET_NAME)";
				STRING_CATALOG_GENERATE_SYMBOLS = YES;
				SWIFT_APPROACHABLE_CONCURRENCY = YES;
				SWIFT_DEFAULT_ACTOR_ISOLATION = MainActor;
				SWIFT_EMIT_LOC_STRINGS = YES;
				SWIFT_UPCOMING_FEATURE_MEMBER_IMPORT_VISIBILITY = YES;
				SWIFT_VERSION = 5.0;
				TARGETED_DEVICE_FAMILY = "1,2";
			};
			name = Release;
		};
		445BFF862F424FF100F9EB1A /* Debug */ = {
			isa = XCBuildConfiguration;
			buildSettings = {
				BUNDLE_LOADER = "$(TEST_HOST)";
				CODE_SIGN_STYLE = Automatic;
				CURRENT_PROJECT_VERSION = 1;
				DEVELOPMENT_TEAM = 97U8M6N8HD;
				GENERATE_INFOPLIST_FILE = YES;
				IPHONEOS_DEPLOYMENT_TARGET = 26.1;
				MARKETING_VERSION = 1.0;
				PRODUCT_BUNDLE_IDENTIFIER = com.nisa.stepup.FocuslyTests;
				PRODUCT_NAME = "$(TARGET_NAME)";
				STRING_CATALOG_GENERATE_SYMBOLS = NO;
				SWIFT_APPROACHABLE_CONCURRENCY = YES;
				SWIFT_EMIT_LOC_STRINGS = NO;
				SWIFT_UPCOMING_FEATURE_MEMBER_IMPORT_VISIBILITY = YES;
				SWIFT_VERSION = 5.0;
				TARGETED_DEVICE_FAMILY = "1,2";
				TEST_HOST = "$(BUILT_PRODUCTS_DIR)/MotivAI.app/$(BUNDLE_EXECUTABLE_FOLDER_PATH)/MotivAI";
			};
			name = Debug;
		};
		445BFF872F424FF100F9EB1A /* Release */ = {
			isa = XCBuildConfiguration;
			buildSettings = {
				BUNDLE_LOADER = "$(TEST_HOST)";
				CODE_SIGN_STYLE = Automatic;
				CURRENT_PROJECT_VERSION = 1;
				DEVELOPMENT_TEAM = 97U8M6N8HD;
				GENERATE_INFOPLIST_FILE = YES;
				IPHONEOS_DEPLOYMENT_TARGET = 26.1;
				MARKETING_VERSION = 1.0;
				PRODUCT_BUNDLE_IDENTIFIER = com.nisa.stepup.FocuslyTests;
				PRODUCT_NAME = "$(TARGET_NAME)";
				STRING_CATALOG_GENERATE_SYMBOLS = NO;
				SWIFT_APPROACHABLE_CONCURRENCY = YES;
				SWIFT_EMIT_LOC_STRINGS = NO;
				SWIFT_UPCOMING_FEATURE_MEMBER_IMPORT_VISIBILITY = YES;
				SWIFT_VERSION = 5.0;
				TARGETED_DEVICE_FAMILY = "1,2";
				TEST_HOST = "$(BUILT_PRODUCTS_DIR)/MotivAI.app/$(BUNDLE_EXECUTABLE_FOLDER_PATH)/MotivAI";
			};
			name = Release;
		};
		445BFF892F424FF100F9EB1A /* Debug */ = {
			isa = XCBuildConfiguration;
			buildSettings = {
				CODE_SIGN_STYLE = Automatic;
				CURRENT_PROJECT_VERSION = 1;
				DEVELOPMENT_TEAM = 97U8M6N8HD;
				GENERATE_INFOPLIST_FILE = YES;
				MARKETING_VERSION = 1.0;
				PRODUCT_BUNDLE_IDENTIFIER = com.nisa.stepup.FocuslyUITests;
				PRODUCT_NAME = "$(TARGET_NAME)";
				STRING_CATALOG_GENERATE_SYMBOLS = NO;
				SWIFT_APPROACHABLE_CONCURRENCY = YES;
				SWIFT_EMIT_LOC_STRINGS = NO;
				SWIFT_UPCOMING_FEATURE_MEMBER_IMPORT_VISIBILITY = YES;
				SWIFT_VERSION = 5.0;
				TARGETED_DEVICE_FAMILY = "1,2";
				TEST_TARGET_NAME = Focusly;
			};
			name = Debug;
		};
		445BFF8A2F424FF100F9EB1A /* Release */ = {
			isa = XCBuildConfiguration;
			buildSettings = {
				CODE_SIGN_STYLE = Automatic;
				CURRENT_PROJECT_VERSION = 1;
				DEVELOPMENT_TEAM = 97U8M6N8HD;
				GENERATE_INFOPLIST_FILE = YES;
				MARKETING_VERSION = 1.0;
				PRODUCT_BUNDLE_IDENTIFIER = com.nisa.stepup.FocuslyUITests;
				PRODUCT_NAME = "$(TARGET_NAME)";
				STRING_CATALOG_GENERATE_SYMBOLS = NO;
				SWIFT_APPROACHABLE_CONCURRENCY = YES;
				SWIFT_EMIT_LOC_STRINGS = NO;
				SWIFT_UPCOMING_FEATURE_MEMBER_IMPORT_VISIBILITY = YES;
				SWIFT_VERSION = 5.0;
				TARGETED_DEVICE_FAMILY = "1,2";
				TEST_TARGET_NAME = Focusly;
			};
			name = Release;
		};
/* End XCBuildConfiguration section */

/* Begin XCConfigurationList section */
		445BFF5C2F424FEF00F9EB1A /* Build configuration list for PBXProject "MotivAI" */ = {
			isa = XCConfigurationList;
			buildConfigurations = (
				445BFF802F424FF100F9EB1A /* Debug */,
				445BFF812F424FF100F9EB1A /* Release */,
			);
			defaultConfigurationIsVisible = 0;
			defaultConfigurationName = Release;
		};
		445BFF822F424FF100F9EB1A /* Build configuration list for PBXNativeTarget "MotivAI" */ = {
			isa = XCConfigurationList;
			buildConfigurations = (
				445BFF832F424FF100F9EB1A /* Debug */,
				445BFF842F424FF100F9EB1A /* Release */,
			);
			defaultConfigurationIsVisible = 0;
			defaultConfigurationName = Release;
		};
		445BFF852F424FF100F9EB1A /* Build configuration list for PBXNativeTarget "MotivAITests" */ = {
			isa = XCConfigurationList;
			buildConfigurations = (
				445BFF862F424FF100F9EB1A /* Debug */,
				445BFF872F424FF100F9EB1A /* Release */,
			);
			defaultConfigurationIsVisible = 0;
			defaultConfigurationName = Release;
		};
		445BFF882F424FF100F9EB1A /* Build configuration list for PBXNativeTarget "MotivAIUITests" */ = {
			isa = XCConfigurationList;
			buildConfigurations = (
				445BFF892F424FF100F9EB1A /* Debug */,
				445BFF8A2F424FF100F9EB1A /* Release */,
			);
			defaultConfigurationIsVisible = 0;
			defaultConfigurationName = Release;
		};
/* End XCConfigurationList section */
	};
	rootObject = 445BFF592F424FEF00F9EB1A /* Project object */;
}
